# fluxor.lock — generated, edit via `fluxor update`
# Pinned store artifacts: one [[artifact]] entry per resolved digest.

[[artifact]]
kind = "module"
name = "admission"
project = "clustor"
target = "bcm2712"
digest = "sha256:02247c3cd2058b743f916fe868b7493e2b74bb1ba5250ce6fa582225c2c36747"
reference = "bcm2712/admission:0.0.1"

[[artifact]]
kind = "module"
name = "clustor_cli"
project = "clustor"
target = "bcm2712"
digest = "sha256:bc4f3c6bb6164b5929499547a02fc7fe7219f2ddc63cc7f380284f72de866f07"
reference = "bcm2712/clustor_cli:0.0.1"

[[artifact]]
kind = "module"
name = "consensus"
project = "clustor"
target = "bcm2712"
digest = "sha256:2fe4584787ab5e70ef49f80b90e174761f6076b94766a40dd9c317cf67a3d106"
reference = "bcm2712/consensus:0.0.1"

[[artifact]]
kind = "module"
name = "consensus_bench"
project = "clustor"
target = "bcm2712"
digest = "sha256:d0aacc228446799237f8f5d7bef0c8ae1474a489ef6c3aa3d793b78382eedcf8"
reference = "bcm2712/consensus_bench:0.0.1"

[[artifact]]
kind = "module"
name = "control_plane"
project = "clustor"
target = "bcm2712"
digest = "sha256:04e431463ad7ca0b90b7ec32d45aa82e8f7766e2fdb27731f54a96a138aa56bc"
reference = "bcm2712/control_plane:0.0.1"

[[artifact]]
kind = "module"
name = "durability"
project = "clustor"
target = "bcm2712"
digest = "sha256:e29143b127c7c8e33ef059c640c4f1367db883a31f59a838e095d249294d8617"
reference = "bcm2712/durability:0.0.1"

[[artifact]]
kind = "module"
name = "durability-volatile"
project = "clustor"
target = "bcm2712"
digest = "sha256:3660f4c1214ef6cd1336a40c840eac3ff7c26c93e05a49c5168d82c15bfe1232"
reference = "bcm2712/durability-volatile:0.0.1"

[[artifact]]
kind = "module"
name = "example_consumer"
project = "clustor"
target = "bcm2712"
digest = "sha256:32fba3ede9f9a3eef13b255d1e021c091142336a2fe829ee7146be7c06960dd2"
reference = "bcm2712/example_consumer:0.0.1"

[[artifact]]
kind = "module"
name = "gateway"
project = "clustor"
target = "bcm2712"
digest = "sha256:9ab0ccd1dc0a4bf12c07989306fcebe2731cd70ac362757004b41d8032657fdc"
reference = "bcm2712/gateway:0.0.1"

[[artifact]]
kind = "module"
name = "nvme_bench"
project = "clustor"
target = "bcm2712"
digest = "sha256:783f99ac3c6692b0084d0bae762ad035d43c222a366d5f01142665416f0cef62"
reference = "bcm2712/nvme_bench:0.0.1"

[[artifact]]
kind = "module"
name = "operations"
project = "clustor"
target = "bcm2712"
digest = "sha256:7b384c24453a27a5bacb832093ff76adc1d88a1e7607a90faade1c07b5e6e524"
reference = "bcm2712/operations:0.0.1"

[[artifact]]
kind = "module"
name = "operations-headless"
project = "clustor"
target = "bcm2712"
digest = "sha256:150f818081addbe888a399d1047ff799448ac9ed11a015fa66ccac40d60a1bed"
reference = "bcm2712/operations-headless:0.0.1"

[[artifact]]
kind = "module"
name = "partition_router"
project = "clustor"
target = "bcm2712"
digest = "sha256:273f22e1868ae35f8eebe8ab810f5ea90c0874a375f39d0690534617454ff734"
reference = "bcm2712/partition_router:0.0.1"

[[artifact]]
kind = "module"
name = "peer_router"
project = "clustor"
target = "bcm2712"
digest = "sha256:f3c288762debdb94f5fb05e2d59d34f978c4277cbcdf45c6926c9c1213b75882"
reference = "bcm2712/peer_router:0.0.1"

[[artifact]]
kind = "module"
name = "session_directory"
project = "clustor"
target = "bcm2712"
digest = "sha256:e3b96c958e705c613eda5f05907368bbb20b22f4d31eeeaaba72be5ce7fd5834"
reference = "bcm2712/session_directory:0.0.1"

[[artifact]]
kind = "module"
name = "conn_demux"
project = "fluxor"
target = "bcm2712"
digest = "sha256:d9928a9f267d407265aef5f48a4dfc1910a14fe5a68ae22e76f8237b95d38982"
reference = "bcm2712/conn_demux:0.0.1"

[[artifact]]
kind = "module"
name = "conn_guard"
project = "fluxor"
target = "bcm2712"
digest = "sha256:4846014669ac429fbad73bfea617a61f0812536388aafe394ba0f206cf08a765"
reference = "bcm2712/conn_guard:0.0.1"

[[artifact]]
kind = "module"
name = "debug"
project = "fluxor"
target = "bcm2712"
digest = "sha256:737ba0cd34a48762aa7d6ac8088335e1103ccdc7c6487795320042a5393775d4"
reference = "bcm2712/debug:0.0.1"

[[artifact]]
kind = "module"
name = "demux"
project = "fluxor"
target = "bcm2712"
digest = "sha256:4ace09c88d4c36585fcacd44169cb198417ce0d951a1a81ecc41e6782ad2f21c"
reference = "bcm2712/demux:0.0.1"

[[artifact]]
kind = "module"
name = "dma_probe"
project = "fluxor"
target = "bcm2712"
digest = "sha256:fd6edbeb7285d555964006fe4ea60d11f2dc40906f5c3d0bafde313b6e1b07d2"
reference = "bcm2712/dma_probe:0.0.1"

[[artifact]]
kind = "module"
name = "dns"
project = "fluxor"
target = "bcm2712"
digest = "sha256:a1d571a8b5e8d9d20b7858e0c6dc199caa28dfb981ba47142b035e8256c39138"
reference = "bcm2712/dns:0.0.1"

[[artifact]]
kind = "module"
name = "e810"
project = "fluxor"
target = "bcm2712"
digest = "sha256:e7bcc0ea8353b0b62490d51424ebdb1bb1ee66b95146368113b505b47916b983"
reference = "bcm2712/e810:0.0.1"

[[artifact]]
kind = "module"
name = "echo_anchor"
project = "fluxor"
target = "bcm2712"
digest = "sha256:3e7e4170b8f9de0ddee10de5314d33ffec26240c828007eac887a17781ca5bee"
reference = "bcm2712/echo_anchor:0.0.1"

[[artifact]]
kind = "module"
name = "echo_worker"
project = "fluxor"
target = "bcm2712"
digest = "sha256:cb288fcd81080d4185b099abbc9e29649a34a5e6db6607febeee8b18946690fe"
reference = "bcm2712/echo_worker:0.0.1"

[[artifact]]
kind = "module"
name = "eth_parser"
project = "fluxor"
target = "bcm2712"
digest = "sha256:d6bc21d983e85a7031340433eb1dc8463a117ae683bf68858bdd13d6e8205eb2"
reference = "bcm2712/eth_parser:0.0.1"

[[artifact]]
kind = "module"
name = "exchange_poster"
project = "fluxor"
target = "bcm2712"
digest = "sha256:dc1b9c5c35388f3284e36f79b71e1df6139dc6a50fa9dc3efac73a4ed0e15a90"
reference = "bcm2712/exchange_poster:0.0.1"

[[artifact]]
kind = "module"
name = "fat32"
project = "fluxor"
target = "bcm2712"
digest = "sha256:7d223bfbd7796df9b27cb94e5ec99619355e280fe8e751d5d82eb347840d83c7"
reference = "bcm2712/fat32:0.0.1"

[[artifact]]
kind = "module"
name = "fat32_seed"
project = "fluxor"
target = "bcm2712"
digest = "sha256:899961f4f98058c39056abb286ee62cf5776d4206f8b2e27bd49b8fe400defa1"
reference = "bcm2712/fat32_seed:0.0.1"

[[artifact]]
kind = "module"
name = "fs_bank"
project = "fluxor"
target = "bcm2712"
digest = "sha256:37033b2cb3f62885b652692da7681b0b65c6e2183ef41068a24381e08a06bffd"
reference = "bcm2712/fs_bank:0.0.1"

[[artifact]]
kind = "module"
name = "fs_selftest"
project = "fluxor"
target = "bcm2712"
digest = "sha256:99768af12f3fb3f90c95bb6bb94fdf559cea889dd2a272b96a0bf7cd99249f37"
reference = "bcm2712/fs_selftest:0.0.1"

[[artifact]]
kind = "module"
name = "fs_tap"
project = "fluxor"
target = "bcm2712"
digest = "sha256:b832edec35f31c914d21a7d7494291b2dac1f9850354eae7fbc812a51ec0a367"
reference = "bcm2712/fs_tap:0.0.1"

[[artifact]]
kind = "module"
name = "gallery_stage"
project = "fluxor"
target = "bcm2712"
digest = "sha256:5ad213a468e0fbfde49c3236391c17998012ab166e4d65764f553ee725b33363"
reference = "bcm2712/gallery_stage:0.0.1"

[[artifact]]
kind = "module"
name = "gesture"
project = "fluxor"
target = "bcm2712"
digest = "sha256:b73b9f30194b154a80450d2634a9c8b352f681d7452aad9158c0855229ec3a6c"
reference = "bcm2712/gesture:0.0.1"

[[artifact]]
kind = "module"
name = "ip"
project = "fluxor"
target = "bcm2712"
digest = "sha256:90d08704e2bf01102cd7e6187d8fe16858456cd2b8e451d316d3ebc5f8776055"
reference = "bcm2712/ip:0.0.1"

[[artifact]]
kind = "module"
name = "iso_heap"
project = "fluxor"
target = "bcm2712"
digest = "sha256:79b69e33376666bdb6132236260d5b8bae29c55f12d4464f173f91a92c6544e7"
reference = "bcm2712/iso_heap:0.0.1"

[[artifact]]
kind = "module"
name = "iso_probe"
project = "fluxor"
target = "bcm2712"
digest = "sha256:ef77e006adfcff3aee679cd842c461d790eb06dda48e45c7bf258e78f90040cd"
reference = "bcm2712/iso_probe:0.0.1"

[[artifact]]
kind = "module"
name = "iso_transform"
project = "fluxor"
target = "bcm2712"
digest = "sha256:89f83ee7fe4fbc8b86d910d89a144d018c568e80bd1363f8fde660255fe7f2cc"
reference = "bcm2712/iso_transform:0.0.1"

[[artifact]]
kind = "module"
name = "kv_store"
project = "fluxor"
target = "bcm2712"
digest = "sha256:10b1ecfd65077e899a0ec1224f7228a277859de26ecbbaa3b5bebda2ffca4d06"
reference = "bcm2712/kv_store:0.0.1"

[[artifact]]
kind = "module"
name = "load_gen"
project = "fluxor"
target = "bcm2712"
digest = "sha256:9fdc74dd1a56df21b5b4eec98c86eb635179919cd960cb7242e227ddb38d54ee"
reference = "bcm2712/load_gen:0.0.1"

[[artifact]]
kind = "module"
name = "log_net"
project = "fluxor"
target = "bcm2712"
digest = "sha256:94953955b6a180cfcef912eeac7b6d089b28c6e7fd1b7d918888e4c674c4fd92"
reference = "bcm2712/log_net:0.0.1"

[[artifact]]
kind = "module"
name = "mem_ns"
project = "fluxor"
target = "bcm2712"
digest = "sha256:ac488b205480afde8afd32eee3bfee9e1e962366ff500abb1fd037fb58503c51"
reference = "bcm2712/mem_ns:0.0.1"

[[artifact]]
kind = "module"
name = "monitor"
project = "fluxor"
target = "bcm2712"
digest = "sha256:6b840a72b8fd1fa20a0c23bae8c336eb3d67e56a556e2cd28474f0109dbb862b"
reference = "bcm2712/monitor:0.0.1"

[[artifact]]
kind = "module"
name = "mount"
project = "fluxor"
target = "bcm2712"
digest = "sha256:13fe81ebab824ee3b37867833c3a6395a05ab1f0223c03226457a0e703affe0d"
reference = "bcm2712/mount:0.0.1"

[[artifact]]
kind = "module"
name = "mux_echo"
project = "fluxor"
target = "bcm2712"
digest = "sha256:cb454ca3a8fd507231f6f34acde4a70b36415c9f47c285aa78b926aab92efe41"
reference = "bcm2712/mux_echo:0.0.1"

[[artifact]]
kind = "module"
name = "nvme"
project = "fluxor"
target = "bcm2712"
digest = "sha256:9acebf7484dbfc0acf23e94dab2b1d25729b5a0cce0b860fc197e252ae01f5b6"
reference = "bcm2712/nvme:0.0.1"

[[artifact]]
kind = "module"
name = "nvme_arena_probe"
project = "fluxor"
target = "bcm2712"
digest = "sha256:d8eb53fd72ba4718a66e0f599910c6351fdc14de18c2630f2ce26458db3f1107"
reference = "bcm2712/nvme_arena_probe:0.0.1"

[[artifact]]
kind = "module"
name = "nvme_perf_probe"
project = "fluxor"
target = "bcm2712"
digest = "sha256:f9ad99a73c9963bdb2fe42e8845b5ded074e16895eefe6e075919c757c01ba3f"
reference = "bcm2712/nvme_perf_probe:0.0.1"

[[artifact]]
kind = "module"
name = "object_bank"
project = "fluxor"
target = "bcm2712"
digest = "sha256:3aa04837ff6a92ad6bca7325b053315fbd8c15a3c96dd2b606759c203113ddf4"
reference = "bcm2712/object_bank:0.0.1"

[[artifact]]
kind = "module"
name = "observe"
project = "fluxor"
target = "bcm2712"
digest = "sha256:99ea9bd44664819947ce50e9848716a7651e47243f4c408381a5db4d9b14c2b7"
reference = "bcm2712/observe:0.0.1"

[[artifact]]
kind = "module"
name = "ota_registry"
project = "fluxor"
target = "bcm2712"
digest = "sha256:487a2f15fad23e86eedfa02f19abac7c360c52d1c15724a37d76ac7e96d13944"
reference = "bcm2712/ota_registry:0.0.1"

[[artifact]]
kind = "module"
name = "otel"
project = "fluxor"
target = "bcm2712"
digest = "sha256:43312a7f63df221ed685ea5b478a3b2296bee91bc9d2352d741a98d620e2ca77"
reference = "bcm2712/otel:0.0.1"

[[artifact]]
kind = "module"
name = "otel-min"
project = "fluxor"
target = "bcm2712"
digest = "sha256:1938c9bd6616dcf5f3d080bbcdb7a4255204bceaeeb20e180807ab30dcc4e69b"
reference = "bcm2712/otel-min:0.0.1"

[[artifact]]
kind = "module"
name = "panel_surface_traits"
project = "fluxor"
target = "bcm2712"
digest = "sha256:8ffb3bd0f93eb5b5a76fda50b143f14ccea6f4c17bc749cb2869aaf4b0b6dffd"
reference = "bcm2712/panel_surface_traits:0.0.1"

[[artifact]]
kind = "module"
name = "pause_driver"
project = "fluxor"
target = "bcm2712"
digest = "sha256:ed96640bb0a869ab7897ad5634ccf808f6956ac1f6585325ae1d07c2ee363f5d"
reference = "bcm2712/pause_driver:0.0.1"

[[artifact]]
kind = "module"
name = "pause_probe"
project = "fluxor"
target = "bcm2712"
digest = "sha256:afca69031bdfa6976e4d5752fc23fe567ee1d844feb09daa8c874b28904910d6"
reference = "bcm2712/pause_probe:0.0.1"

[[artifact]]
kind = "module"
name = "pcie_scan"
project = "fluxor"
target = "bcm2712"
digest = "sha256:10ab031f8b7901d689a235926a2a005e2fcccb2a68575f3d397fd7dfdd08b01d"
reference = "bcm2712/pcie_scan:0.0.1"

[[artifact]]
kind = "module"
name = "pkt_filter"
project = "fluxor"
target = "bcm2712"
digest = "sha256:ae0cc6aa1acbe191dcd3f3662a610c3fd6f9de90127bba87c707b90b0ff14834"
reference = "bcm2712/pkt_filter:0.0.1"

[[artifact]]
kind = "module"
name = "presentation_resolver"
project = "fluxor"
target = "bcm2712"
digest = "sha256:e4b348c5ac7468b833ad8b7aa97e1be241912ff2446d7c2085aa81c8443ab0e6"
reference = "bcm2712/presentation_resolver:0.0.1"

[[artifact]]
kind = "module"
name = "quic"
project = "fluxor"
target = "bcm2712"
digest = "sha256:a068e802393b8224851384bdbd2768d715e6cfeeaa2939243d54e8799d7ef624"
reference = "bcm2712/quic:0.0.1"

[[artifact]]
kind = "module"
name = "reconfigure"
project = "fluxor"
target = "bcm2712"
digest = "sha256:c768394902dd5a028a9915783662c209f68936717559d28e27b958c56e01b2c3"
reference = "bcm2712/reconfigure:0.0.1"

[[artifact]]
kind = "module"
name = "remote_channel"
project = "fluxor"
target = "bcm2712"
digest = "sha256:4f39eb35998b17b3571a80d7e26be6e5bc965c36d31c201900e25f7e5f35b72c"
reference = "bcm2712/remote_channel:0.0.1"

[[artifact]]
kind = "module"
name = "rp1_gem"
project = "fluxor"
target = "bcm2712"
digest = "sha256:a26a17b34b46bbeca9cf7efd236cb8411190ca38980f15e22f3769c1177ef5fd"
reference = "bcm2712/rp1_gem:0.0.1"

[[artifact]]
kind = "module"
name = "smmu"
project = "fluxor"
target = "bcm2712"
digest = "sha256:310985754f8a4b9b19d0a16f98c2215b5419873b1d774c9d68329000e867f975"
reference = "bcm2712/smmu:0.0.1"

[[artifact]]
kind = "module"
name = "store_probe"
project = "fluxor"
target = "bcm2712"
digest = "sha256:b8ed3587a796559aae098bfdaf6dc1ed3a7cfe9ba33c01d7d99a7f91577c8e33"
reference = "bcm2712/store_probe:0.0.1"

[[artifact]]
kind = "module"
name = "store_seed"
project = "fluxor"
target = "bcm2712"
digest = "sha256:4278d34438a0c891492988880bacc77fd44c91f7f3c463ef8a06defd10173ae0"
reference = "bcm2712/store_seed:0.0.1"

[[artifact]]
kind = "module"
name = "synth_source"
project = "fluxor"
target = "bcm2712"
digest = "sha256:f644b191b2d7f9f3aaf5503b37257ff3cf2801cdd654c3c913da2b8ad044ade3"
reference = "bcm2712/synth_source:0.0.1"

[[artifact]]
kind = "module"
name = "test_fault"
project = "fluxor"
target = "bcm2712"
digest = "sha256:a89e1beb2e76c260477ae2a92e7fa29c520b49ddce3919280b3f009a626dcba4"
reference = "bcm2712/test_fault:0.0.1"

[[artifact]]
kind = "module"
name = "tier2_probe"
project = "fluxor"
target = "bcm2712"
digest = "sha256:03132219a5974c1abbc6b2d8ca8061fabcbedaea35382ebf7144bc3a90ec09a4"
reference = "bcm2712/tier2_probe:0.0.1"

[[artifact]]
kind = "module"
name = "tls"
project = "fluxor"
target = "bcm2712"
digest = "sha256:769802e366ff12613d565089f4b4ba530d878eb0bd0a822b4f5077d6c01585c2"
reference = "bcm2712/tls:0.0.1"

[[artifact]]
kind = "module"
name = "transport_buffer"
project = "fluxor"
target = "bcm2712"
digest = "sha256:4e83864990d6d70be54b41693effef7752ec9a12f9a555028cc062bedb73fd0f"
reference = "bcm2712/transport_buffer:0.0.1"

[[artifact]]
kind = "module"
name = "usb_midi_host"
project = "fluxor"
target = "bcm2712"
digest = "sha256:1e2599ea7ca495885d85db0dd8752d019905b7a04b19f278040875b4a094ae43"
reference = "bcm2712/usb_midi_host:0.0.1"

[[artifact]]
kind = "module"
name = "virtio_net"
project = "fluxor"
target = "bcm2712"
digest = "sha256:c8f9797118a982f136460245f10fbca709a2a044828506b7753e432059a193e1"
reference = "bcm2712/virtio_net:0.0.1"

[[artifact]]
kind = "module"
name = "wake_snk"
project = "fluxor"
target = "bcm2712"
digest = "sha256:248f1b802629805be156bde5ed63635ef21927346fa1ce780fa57082932cf0e9"
reference = "bcm2712/wake_snk:0.0.1"

[[artifact]]
kind = "module"
name = "wake_src"
project = "fluxor"
target = "bcm2712"
digest = "sha256:b9936664d5ceb3f0d5fa43ebaf135279d959ac53e40ab1e584a2959af6c18722"
reference = "bcm2712/wake_src:0.0.1"

[[artifact]]
kind = "module"
name = "http"
project = "wave"
target = "bcm2712"
digest = "sha256:f207e009c88c340c30b879371741aa1fedfcd749e5944204695d3ada521fcb80"
reference = "bcm2712/http:0.0.1"

[[artifact]]
kind = "module"
name = "http-app"
project = "wave"
target = "bcm2712"
digest = "sha256:6cf4fca672f24b51af2c6f6adaceef6ebe0370293f2e885ea1ef183716229331"
reference = "bcm2712/http-app:0.0.1"

[[artifact]]
kind = "module"
name = "http-exchange"
project = "wave"
target = "bcm2712"
digest = "sha256:ebde9c516a274481ab08776e6a2a2493d32c2e0a381f3a8a79dcc48bb2ffd254"
reference = "bcm2712/http-exchange:0.0.1"

[[artifact]]
kind = "module"
name = "http-h2"
project = "wave"
target = "bcm2712"
digest = "sha256:2787ebdf353eace351e0533fad61f0b7238d1884f82550a6a5edead8532f38a0"
reference = "bcm2712/http-h2:0.0.1"

[[artifact]]
kind = "module"
name = "http-web"
project = "wave"
target = "bcm2712"
digest = "sha256:b72fe43c0a9a94d2f8d7719777879aa4c9f89d742a5f9ab8acf4b427ac6215c9"
reference = "bcm2712/http-web:0.0.1"

[[artifact]]
kind = "module"
name = "http_echo_app"
project = "wave"
target = "bcm2712"
digest = "sha256:eec9902c48d44c0aab5871f6dafcf3a29013893f80db4bc6c4c44b2fd7d6fca0"
reference = "bcm2712/http_echo_app:0.0.1"

[[artifact]]
kind = "module"
name = "jitter"
project = "wave"
target = "bcm2712"
digest = "sha256:342f81f9709ee78155c4d4a53b2fc728525a84ec1068b602e06b3009a1e6a8f5"
reference = "bcm2712/jitter:0.0.1"

[[artifact]]
kind = "module"
name = "mail"
project = "wave"
target = "bcm2712"
digest = "sha256:b69bb4029018843564edef660a3a3e44a86c7e49d33c0fcdbec12c95253717cc"
reference = "bcm2712/mail:0.0.1"

[[artifact]]
kind = "module"
name = "rtcp"
project = "wave"
target = "bcm2712"
digest = "sha256:3e47aef74147d575ba6b68488c551384906d8ac977b889c0c8e5e162e06f704b"
reference = "bcm2712/rtcp:0.0.1"

[[artifact]]
kind = "module"
name = "rtp"
project = "wave"
target = "bcm2712"
digest = "sha256:117b3da0ddbe6442c0f134f4da79ad1c7be23267e617f0a70afc57fad49c1eb9"
reference = "bcm2712/rtp:0.0.1"

[[artifact]]
kind = "module"
name = "s3"
project = "wave"
target = "bcm2712"
digest = "sha256:db6feb9e5b9ed7c358ac2f3a72832942842ead887a26e9cf384bb6b8395b40c1"
reference = "bcm2712/s3:0.0.1"

[[artifact]]
kind = "module"
name = "sip"
project = "wave"
target = "bcm2712"
digest = "sha256:8b495307ba13021635f076a6556ca0862350660a1eae63a0af01d550c693fa6d"
reference = "bcm2712/sip:0.0.1"

[[artifact]]
kind = "module"
name = "smtp"
project = "wave"
target = "bcm2712"
digest = "sha256:a4c0a6ccbeea74fcf34362a840c3e94d89f39d043a05e4f3a2a1d4f58f79a07a"
reference = "bcm2712/smtp:0.0.1"

[[artifact]]
kind = "module"
name = "stun"
project = "wave"
target = "bcm2712"
digest = "sha256:207dd7f39acaf054b364885512d392c654b4c28e10c05827ada0a23b96d85336"
reference = "bcm2712/stun:0.0.1"

[[artifact]]
kind = "module"
name = "websocket"
project = "wave"
target = "bcm2712"
digest = "sha256:bddeefae549c81c3b7d6c4031532668a0eba74203fef18bdd2814cb93f193f15"
reference = "bcm2712/websocket:0.0.1"

[[artifact]]
kind = "module"
name = "ws_stream"
project = "wave"
target = "bcm2712"
digest = "sha256:2f7a998e9cad44c1c191166d27e472b1f92b0359510480641b07539abdc59197"
reference = "bcm2712/ws_stream:0.0.1"

[[artifact]]
kind = "runtime"
name = "fluxor"
project = "fluxor"
target = "aarch64-unknown-linux-gnu"
digest = "sha256:b57393f7846b2a51e2ec426cbc1e0e8c6bc30e193cf532f250a35914e5be8aef"
reference = "fluxor/run/fluxor-aarch64-unknown-linux-gnu:0.0.1"

[[artifact]]
kind = "runtime"
name = "fluxor-linux"
project = "fluxor"
target = "aarch64-unknown-linux-gnu"
digest = "sha256:a7b3c97838dfc85f26e1a0edc15814df7c5dee852ed914aa162996d472d6b040"
reference = "fluxor/run/fluxor-linux-aarch64-unknown-linux-gnu:0.0.1"

[[artifact]]
kind = "source"
name = "clustor-common"
project = "clustor"
digest = "sha256:6d6aa29db03c90917ce877777390db2d14d895cb12eed2a2adc860123206c962"
reference = "clustor/src/clustor-common:0.0.1"

[[artifact]]
kind = "source"
name = "fluxor-abi"
project = "fluxor"
digest = "sha256:c67973d96c5c6cb73d170f3b81b9f1af9f8377f87370b7c70bc8e77bdfa4b36f"
reference = "fluxor/src/fluxor-abi:0.0.1"

[[artifact]]
kind = "source"
name = "fluxor-contracts"
project = "fluxor"
digest = "sha256:87a26d6a6f17fcba0c970fa6bab977f63dd1ad617f7b461edfe74a51d77531f4"
reference = "fluxor/src/fluxor-contracts:0.0.1"

[[artifact]]
kind = "source"
name = "wave-common"
project = "wave"
digest = "sha256:bb477b79b0f9aa2b958e6389c2d2f6be499437b4f5242402302c4e439e532186"
reference = "wave/src/wave-common:0.0.1"
