# fluxor.lock — generated, edit via `fluxor update`
# Pinned store artifacts: one [[artifact]] entry per resolved digest.

[[artifact]]
kind = "module"
name = "admission"
project = "clustor"
target = "bcm2712"
digest = "sha256:3d9e0e63075e7875d1c487f0ffa0698cc500f19dcc7ecd9711838a023d4ff4ec"
reference = "bcm2712/admission:0.0.1"
content = "sha256:83ec880b5ebfa4ff4d29384b14ccce1e8fb822db9b3f4639df4e0eb5ae79fda4"

[[artifact]]
kind = "module"
name = "clustor_cli"
project = "clustor"
target = "bcm2712"
digest = "sha256:8fc20fcc3ace6ca18b6176e5fb03a966c3a836bd6fdec6e7b4c36a8eb13a62c8"
reference = "bcm2712/clustor_cli:0.0.1"
content = "sha256:b8c7004723bd366a6b3f239b0ff40f846369608b36b7e22e52665d7408f75191"

[[artifact]]
kind = "module"
name = "consensus"
project = "clustor"
target = "bcm2712"
digest = "sha256:c67107cce0fa6d350b2ac78b92afa5e0fe53cedb1df2ab5a78014720246f9b3d"
reference = "bcm2712/consensus:0.0.1"
content = "sha256:144dc48fe3c2e1ebece2c77dfb6ab7beee62f44afad7bf9edad323a118a94d71"

[[artifact]]
kind = "module"
name = "consensus_bench"
project = "clustor"
target = "bcm2712"
digest = "sha256:d1bbb871e09d0466190a0e752dbc300a5c3df2a8989850ee956f2725400f6348"
reference = "bcm2712/consensus_bench:0.0.1"
content = "sha256:f989e952e12eb9f094cac8613915bceb471a590e4640ed15d1a6fa9353e44a96"

[[artifact]]
kind = "module"
name = "control_plane"
project = "clustor"
target = "bcm2712"
digest = "sha256:f307f47f75fe1c4666819865311750f4f3b2dcff22f6ee895f82140432d6d760"
reference = "bcm2712/control_plane:0.0.1"
content = "sha256:ee570a09ed9e26b0edfb2d6ded2fb57ea5ba99999f557e50f4d60fd589fb5b8a"

[[artifact]]
kind = "module"
name = "durability"
project = "clustor"
target = "bcm2712"
digest = "sha256:34a534e19519a96e0d3fc7de50492b8b1fcb803d983cdc30dc583be132657903"
reference = "bcm2712/durability:0.0.1"
content = "sha256:ee16bc088bdf771398481db29642515b8457a0f23bea94052852292e70bbfc91"

[[artifact]]
kind = "module"
name = "durability-volatile"
project = "clustor"
target = "bcm2712"
digest = "sha256:3a6b6a7f576ce5a799c2ee7a926b88eb044c5787b73e81814b2cbbb7ba45011a"
reference = "bcm2712/durability-volatile:0.0.1"
content = "sha256:82817588eb18a5b27c4ae5a37905b51723dd3e02a5f180f6661acc4edaa31ec0"

[[artifact]]
kind = "module"
name = "example_consumer"
project = "clustor"
target = "bcm2712"
digest = "sha256:240a581d9b42002a4770446022ca60495fb86af8e15ae56b3e2b63021047f937"
reference = "bcm2712/example_consumer:0.0.1"
content = "sha256:7296dac528a7a6a1a2a1f25ef0dd655d151683f3fa22592081610666cb96e2ae"

[[artifact]]
kind = "module"
name = "gateway"
project = "clustor"
target = "bcm2712"
digest = "sha256:0134a54583b1f02922cb7e68c57482f9f2d3570bae8177c0360bc23e3e0a96d1"
reference = "bcm2712/gateway:0.0.1"
content = "sha256:6d8cb410b95def82c31374dc00aff57d97c02451d354da773e1f92c5b7cf50d3"

[[artifact]]
kind = "module"
name = "nvme_bench"
project = "clustor"
target = "bcm2712"
digest = "sha256:3467379f140edced6456d903483b9ed6bc91b5f6c23d08af049d65ab30c08add"
reference = "bcm2712/nvme_bench:0.0.1"
content = "sha256:45f6130323d0b3f328a2bd2f04933e32c96b83d059c66601b9a736bd5ce60034"

[[artifact]]
kind = "module"
name = "operations"
project = "clustor"
target = "bcm2712"
digest = "sha256:2344d5eec4ef795e7e7427b3d98f60d4c0053d417507386151beb39350b7d89e"
reference = "bcm2712/operations:0.0.1"
content = "sha256:643f1c91d73767c703738168538b95eb7d18b6c5f9aff3fb120368ac128e438c"

[[artifact]]
kind = "module"
name = "operations-headless"
project = "clustor"
target = "bcm2712"
digest = "sha256:d6ddc47d0c7bf3675051e39a3acaab444caa760c54eea16b9deeb693c09d1b17"
reference = "bcm2712/operations-headless:0.0.1"
content = "sha256:888ab27692d1942749d61e3bfb721fb9553b214989da20fe320527d5f8899ce9"

[[artifact]]
kind = "module"
name = "partition_router"
project = "clustor"
target = "bcm2712"
digest = "sha256:f60d101eca23bbfd0a23cde32df318fdc4a03ee05eaf546d460f7411789a9d31"
reference = "bcm2712/partition_router:0.0.1"
content = "sha256:66e5767b696bcea8d0dc77242229a034664ea66fe64f6952e7161f0b141574ca"

[[artifact]]
kind = "module"
name = "peer_router"
project = "clustor"
target = "bcm2712"
digest = "sha256:5dc1061aaf42b0545e7e4e795314b9f538ff67e9f3416ffde10bd3c394666e5e"
reference = "bcm2712/peer_router:0.0.1"
content = "sha256:0731fafa796f84bd8442c4cc85c7913e00d6e6d40f431f7d503d75294719950d"

[[artifact]]
kind = "module"
name = "session_directory"
project = "clustor"
target = "bcm2712"
digest = "sha256:43d8ebfd8b5f4b58f74aa127710180f6eab28fe497f77d537401bfa1b971e47c"
reference = "bcm2712/session_directory:0.0.1"
content = "sha256:7c04c0ebe2db402793dccc32d8eba97dca6a59331b83a97e335f25a405a6ae25"

[[artifact]]
kind = "module"
name = "block_wipe"
project = "fluxor"
target = "bcm2712"
digest = "sha256:4ef9c18939512fc2f08466d7e78f674c4bfcdd43e8c3dee95fbdda21de96967c"
reference = "bcm2712/block_wipe:0.0.1"
content = "sha256:6a4440c2206689df22c4c48d5081ee260db162bd562eb4d33558b489f581417a"

[[artifact]]
kind = "module"
name = "conn_demux"
project = "fluxor"
target = "bcm2712"
digest = "sha256:5a3e88fe5a8f0230f65b236b72b725b1e9c6ad253c271bf6755de1b3dca27697"
reference = "bcm2712/conn_demux:0.0.1"
content = "sha256:50f081df933f5f28324e74f95c9a5ac3a0f35cc9a2a98a3bbd1789b3f54afdc4"

[[artifact]]
kind = "module"
name = "conn_guard"
project = "fluxor"
target = "bcm2712"
digest = "sha256:1ee34b11d820bcd768612befeca79ca07d6d11f571894cb4ba55b9611a5b7e33"
reference = "bcm2712/conn_guard:0.0.1"
content = "sha256:bed83f4d580eef593c8f00699b59a514b94d1b980fdb41519e6e52067a3aa8a7"

[[artifact]]
kind = "module"
name = "conn_sink"
project = "fluxor"
target = "bcm2712"
digest = "sha256:3c595b621848bc0bff6c911619e1eff3d4a983f9c4d73d26516a8b2fc7089a33"
reference = "bcm2712/conn_sink:0.0.1"
content = "sha256:3e8a38685098d122e17cea5b2393c5de5d3647ff3b37245b637d41a852eb950c"

[[artifact]]
kind = "module"
name = "crypt_block"
project = "fluxor"
target = "bcm2712"
digest = "sha256:cce64bc34c12f84a0f8266c66910d0fb6b15f2a200f3d7df9d46e849fe95004d"
reference = "bcm2712/crypt_block:0.0.1"
content = "sha256:a48aa93036d7aa27e0dc7533a54d7208aad2444f1044f2b45c53d8e4f75ccdc5"

[[artifact]]
kind = "module"
name = "debug"
project = "fluxor"
target = "bcm2712"
digest = "sha256:d51a5d07ebe5619035e6211af7c32a7e7e41a0726ded5e0752bc3c2ae2e5c8ad"
reference = "bcm2712/debug:0.0.1"
content = "sha256:1f3a0413ba28dc4859ff4bba7a17dc1573a5743859d90a95105796d793c16f65"

[[artifact]]
kind = "module"
name = "demux"
project = "fluxor"
target = "bcm2712"
digest = "sha256:1cfd4e4643228c10f9fbe942b8044e134c69205617ee9c8422440d0195eb777a"
reference = "bcm2712/demux:0.0.1"
content = "sha256:7b2d4a9c5bf8bfa3c6e0093efe9914c2f735f7fc1398e4ad2bf5e815f84373df"

[[artifact]]
kind = "module"
name = "directory_stand_in"
project = "fluxor"
target = "bcm2712"
digest = "sha256:f41dce81ae0e0f2a998fa6367c3f0629cfdd1a59f8dac70549f2d03c0ce4501a"
reference = "bcm2712/directory_stand_in:0.0.1"
content = "sha256:4ca486601b4db6642a3e2f30a6e65d9c46fbbe3a5117ec157ee23625d94ded1e"

[[artifact]]
kind = "module"
name = "dma_probe"
project = "fluxor"
target = "bcm2712"
digest = "sha256:8c3bb823df78a25f799fb0875d13b598b05c3faec008fa8d3886f5a1310e653c"
reference = "bcm2712/dma_probe:0.0.1"
content = "sha256:6b10c27547e126f4cfaf860adeec6f7b397c5aa2ca3f68fbcabe07f6611a10a3"

[[artifact]]
kind = "module"
name = "dns"
project = "fluxor"
target = "bcm2712"
digest = "sha256:0e01ea10077307062aa2281fa84a3cc8b889a0fb095d5f8c94ce0174f3625ae6"
reference = "bcm2712/dns:0.0.1"
content = "sha256:06af8a4fdcff456ef3a5186416f0f82bb9bd7a684aad4ae32022feb2de04b446"

[[artifact]]
kind = "module"
name = "drain_probe"
project = "fluxor"
target = "bcm2712"
digest = "sha256:0943cec75401f326153f5215c4910716999d8deb17dedaee7bf678c303cfec39"
reference = "bcm2712/drain_probe:0.0.1"
content = "sha256:e1005cfe194e8941962e2075b7c0bfcb4df24f5b53f94ae5e23c204768f46406"

[[artifact]]
kind = "module"
name = "e810"
project = "fluxor"
target = "bcm2712"
digest = "sha256:4d469d378e00918a80516747d69e1334d43ddf3004097363738d3067b06e1952"
reference = "bcm2712/e810:0.0.1"
content = "sha256:4d7e0fc7bd41d4bc7db314a8a4608e8b6d7ffbdcd61f4ab9370f0c6f06cadf74"

[[artifact]]
kind = "module"
name = "echo_anchor"
project = "fluxor"
target = "bcm2712"
digest = "sha256:9c417e0eb5ec0e4cb12368dc3814f573331bc67ddbba347623779b5f8021536b"
reference = "bcm2712/echo_anchor:0.0.1"
content = "sha256:d7f124ad2e6971809a44b86a81452c433f15254cfc00d1205ebe700420529674"

[[artifact]]
kind = "module"
name = "echo_worker"
project = "fluxor"
target = "bcm2712"
digest = "sha256:08e365d04c5f4d3ce616e288e0c42443862acf98c470624746bd2608b3f07b4f"
reference = "bcm2712/echo_worker:0.0.1"
content = "sha256:0a646077ce3ea27822d5a0e4f1a855b4288fbdeebcabf84579f46e6b61b3bbd0"

[[artifact]]
kind = "module"
name = "eth_parser"
project = "fluxor"
target = "bcm2712"
digest = "sha256:c40922daf777cd422bd2239bdba6db76c078d86ca66ca617301985f2f75e6dcb"
reference = "bcm2712/eth_parser:0.0.1"
content = "sha256:2746e1bdd7022e57102ac772ea36ededdacce4e09d6e4ade0b120d7ab649ccfd"

[[artifact]]
kind = "module"
name = "exchange_poster"
project = "fluxor"
target = "bcm2712"
digest = "sha256:83518b8b0d453b821503f89106ee954e9eaf24bc21c042e1ce620cbb2b530f6d"
reference = "bcm2712/exchange_poster:0.0.1"
content = "sha256:e0144c67bd28b93cc9bf0647c736007e0fbeeb4997262693930906558e3f6447"

[[artifact]]
kind = "module"
name = "fat32"
project = "fluxor"
target = "bcm2712"
digest = "sha256:33d65cd3091fe713afa2493fbe3922298dd5f22a44b0c75da384591fd269c6f8"
reference = "bcm2712/fat32:0.0.1"
content = "sha256:e942da804f266242e1b0dfd0a9dbb60330a4a69e13e2273512f9ef45e72e5aed"

[[artifact]]
kind = "module"
name = "fat32_seed"
project = "fluxor"
target = "bcm2712"
digest = "sha256:4a97ce2295ea642a6ab718ae4050e60548740183319c48ff48a6afffb3f93cf1"
reference = "bcm2712/fat32_seed:0.0.1"
content = "sha256:bb3128cd9ca1602901111299f1a9cae8b2824a7c142e3f4b0bbba96dd6ecdec8"

[[artifact]]
kind = "module"
name = "fence_agent"
project = "fluxor"
target = "bcm2712"
digest = "sha256:84d99136c970508b8f7cc0ea9e83fc1ed1ac7ce2346dce6c7639c38ba0e57155"
reference = "bcm2712/fence_agent:0.0.1"
content = "sha256:34b21a941371c697f27557a0e84d439ef87ce7771031cd2ab3051e2a1c4798c6"

[[artifact]]
kind = "module"
name = "fence_probe"
project = "fluxor"
target = "bcm2712"
digest = "sha256:7fa15b6c22d21bb7b25d0ac9de0342675005dd92f58b05931828c35511c33a75"
reference = "bcm2712/fence_probe:0.0.1"
content = "sha256:e0f69c40975d576b2eae813d468812db11752af9d9c832e89d070bfb704b6785"

[[artifact]]
kind = "module"
name = "file_block"
project = "fluxor"
target = "bcm2712"
digest = "sha256:99409b8097566f5eafff6a7803cbeab91692f2f94c35c0ad42f8174c642b97c9"
reference = "bcm2712/file_block:0.0.1"
content = "sha256:b3f651e9a2d3106260fa20f0864636599ad74219642d7a36e819a66e41266726"

[[artifact]]
kind = "module"
name = "fs_bank"
project = "fluxor"
target = "bcm2712"
digest = "sha256:28d2f9c3ac580373e398f2c912ea3083dda9bb7a78195b94473dee8d1a76fcb6"
reference = "bcm2712/fs_bank:0.0.1"
content = "sha256:684a63c55222ebb64df67391f54408c2ad903ba43c0ccaed4c187b82b3021332"

[[artifact]]
kind = "module"
name = "fs_selftest"
project = "fluxor"
target = "bcm2712"
digest = "sha256:ab80c36901a7f9f4eea218d245741cd5e17bd4237c901fea9558707f56bb24f9"
reference = "bcm2712/fs_selftest:0.0.1"
content = "sha256:b51d4eb932441db48ae2b2feeb09cc3d7162dc0ad16bae67167fde9182488aa7"

[[artifact]]
kind = "module"
name = "fs_tap"
project = "fluxor"
target = "bcm2712"
digest = "sha256:13cef5cdb3ffa34f57d4c589b01a404703042350967317e1a547dc3f07204169"
reference = "bcm2712/fs_tap:0.0.1"
content = "sha256:281e8077ddd562562fe878358f247e8fc780a2cac480b0e278f88f14f660632c"

[[artifact]]
kind = "module"
name = "gallery_stage"
project = "fluxor"
target = "bcm2712"
digest = "sha256:0547c8d357b58dd3a83ce574e9899fd31b3076ecb437be1ec226a80b8c1f9bba"
reference = "bcm2712/gallery_stage:0.0.1"
content = "sha256:e09c28158059264f44b409f765aca293ae6d79315af7bf1e517bfbde24553450"

[[artifact]]
kind = "module"
name = "gesture"
project = "fluxor"
target = "bcm2712"
digest = "sha256:912df870b63e781a8e55c2942a38ab23b71e5c22420e4947f42416c3e3da1f5b"
reference = "bcm2712/gesture:0.0.1"
content = "sha256:a593d5bf6f5e53877f85d007d71064957ac8abc317bc4d589197b4ced211346d"

[[artifact]]
kind = "module"
name = "gpu_replay"
project = "fluxor"
target = "bcm2712"
digest = "sha256:0a3517c717e1030fbd1e9aef4fe7fbfd16d4e900220ca1a9cf8bfa2da5b7a591"
reference = "bcm2712/gpu_replay:0.0.1"
content = "sha256:af721c64133de7b85430b8376127defd08eddbd7536da12c483119afd8eb5f92"

[[artifact]]
kind = "module"
name = "ip"
project = "fluxor"
target = "bcm2712"
digest = "sha256:4c1cfdbbe7240fea7ed818b23fd9e7fa5a4865e5bbf1d7ddf1c0d0ccda412938"
reference = "bcm2712/ip:0.0.1"
content = "sha256:547c93bafb312b8a48ad2487a470558cf01e7a008bccca55760c07037fe1c3fb"

[[artifact]]
kind = "module"
name = "iso_heap"
project = "fluxor"
target = "bcm2712"
digest = "sha256:7b5540044a08026b18abb47ab3513045264b06d4b301af197ced878f74d6b498"
reference = "bcm2712/iso_heap:0.0.1"
content = "sha256:b8c1c9c8743e50698b3b4688193f2a9894e532cc3bd89aee8ec09910a182f5ee"

[[artifact]]
kind = "module"
name = "iso_probe"
project = "fluxor"
target = "bcm2712"
digest = "sha256:5e0b8d8d6cf7db39ff52a8b4bbefe1f22ed1c74ebecfc2189291d162bd1f0e36"
reference = "bcm2712/iso_probe:0.0.1"
content = "sha256:033d122e2686b1f359545caa5f004dcd3f388e080bf2e96ff49eef00b5b6958d"

[[artifact]]
kind = "module"
name = "iso_transform"
project = "fluxor"
target = "bcm2712"
digest = "sha256:4e82e9a43982319aa451916474ae9339bd686b05a446f6671ed22e07757edace"
reference = "bcm2712/iso_transform:0.0.1"
content = "sha256:23200e413655f22b66eb39ea786088e69a211932b7b8b2bcbe32f790bd73ce7e"

[[artifact]]
kind = "module"
name = "kv_store"
project = "fluxor"
target = "bcm2712"
digest = "sha256:da152f5072f078d8c4c5f15201aeba32b6999ebbfeb7527e9625ef35c60c8c42"
reference = "bcm2712/kv_store:0.0.1"
content = "sha256:c66102fb60cb37f8562cea7b8304dedc3a78b18f271fef9c16f45edd5e81300a"

[[artifact]]
kind = "module"
name = "load_gen"
project = "fluxor"
target = "bcm2712"
digest = "sha256:575df062ac90354ee7eb7e358bd4e27d31f1f4b4227cd9a533f49fe0ede5d4ba"
reference = "bcm2712/load_gen:0.0.1"
content = "sha256:a681a8572cd2baa1e56d7886220e6f1150022ef57a70c42177e144d5b6004d22"

[[artifact]]
kind = "module"
name = "log_net"
project = "fluxor"
target = "bcm2712"
digest = "sha256:dbab1865aa0cf3b61d78a33bfe102dcae3616a037cbfc786beab9db44afce16f"
reference = "bcm2712/log_net:0.0.1"
content = "sha256:db0b0a2897673a3b9ec6913b66c576f58c9861020e3d0aac06f151f647a30ab4"

[[artifact]]
kind = "module"
name = "mem_ns"
project = "fluxor"
target = "bcm2712"
digest = "sha256:dfb67ab380859f1970ff673e9955c8ad5b3a49c5a8bbf228dbd49b56f7682967"
reference = "bcm2712/mem_ns:0.0.1"
content = "sha256:7895451d494b2b6868a9fae70039626ed66241bb8e058078a1b051cbadb76fe9"

[[artifact]]
kind = "module"
name = "monitor"
project = "fluxor"
target = "bcm2712"
digest = "sha256:0812a938b3b892661635688d23498012b732be2ea15c466bf05b2e4da2491272"
reference = "bcm2712/monitor:0.0.1"
content = "sha256:ea095be5e7ddab40aeed1d41fbce2e81471e93943da36f965900cdeaf9a93f96"

[[artifact]]
kind = "module"
name = "mount"
project = "fluxor"
target = "bcm2712"
digest = "sha256:e8c4bb8fe2748d5f73efc3fc11120e85b0f8201908501dc82b26fc4701bbd908"
reference = "bcm2712/mount:0.0.1"
content = "sha256:943fa75f1aae93e0b151c65255ada856e054b0187df0900f9c73a29e5eafa30d"

[[artifact]]
kind = "module"
name = "mux_echo"
project = "fluxor"
target = "bcm2712"
digest = "sha256:2b359b71cd0f1c115dee60994fb51104e0154f3f74118ecdfdc7ff23290ce183"
reference = "bcm2712/mux_echo:0.0.1"
content = "sha256:382aa15601b21250b741186f3b391f17e519a944fdd559ca03ccf39b5b2646e6"

[[artifact]]
kind = "module"
name = "nbd_serve"
project = "fluxor"
target = "bcm2712"
digest = "sha256:ec58bb35ebc67c82471229919da453c1f69d91177c723ba6ac3a1356d398c713"
reference = "bcm2712/nbd_serve:0.0.1"
content = "sha256:d3135d0e2d5c55bf4e35a5381824a32855e4d41af04b91e004a1aa6ee8102212"

[[artifact]]
kind = "module"
name = "nvme"
project = "fluxor"
target = "bcm2712"
digest = "sha256:4f21b338c0b4696fa02799373e91bb50bdd530087ab2788f234f850e8f256165"
reference = "bcm2712/nvme:0.0.1"
content = "sha256:2d4f20f274f474e678aa7674eb2f73603b731c0d30d63d6826686169a33824cb"

[[artifact]]
kind = "module"
name = "nvme_arena_probe"
project = "fluxor"
target = "bcm2712"
digest = "sha256:9857a156fb0193792bfff156ec840ef9cc382d0a0f81ad28b3fd6bf9de9d5d35"
reference = "bcm2712/nvme_arena_probe:0.0.1"
content = "sha256:35565d0d20eeb8cdd0129bf88fca0833e7a40ef70417d0ed89b24d7e917c9a54"

[[artifact]]
kind = "module"
name = "nvme_perf_probe"
project = "fluxor"
target = "bcm2712"
digest = "sha256:55a9198195975813c259f919202ab7373c988ec67a0f12d29fb1b1818e67b762"
reference = "bcm2712/nvme_perf_probe:0.0.1"
content = "sha256:99bbc8325b99d936ff695695feb2d556df6e7ab3c61d6ca32458eeda03dfaa08"

[[artifact]]
kind = "module"
name = "object_bank"
project = "fluxor"
target = "bcm2712"
digest = "sha256:4d99c489b12523db354d8a0a8e9ed7516965f447f7628e2135f565a17af97f23"
reference = "bcm2712/object_bank:0.0.1"
content = "sha256:795a6e54f94f01e0b29e5c77440a0cef88497bf3f2caa1d6afb84bb67008b42c"

[[artifact]]
kind = "module"
name = "observe"
project = "fluxor"
target = "bcm2712"
digest = "sha256:b555f193cec2ac6aa36e0a41c94b0e3838237d7cd7347d702c3c8bf374f7dece"
reference = "bcm2712/observe:0.0.1"
content = "sha256:4544afb94f73410f0468943d82d8353ae7342a0d80ffaad42378b5b919f88df4"

[[artifact]]
kind = "module"
name = "ota_registry"
project = "fluxor"
target = "bcm2712"
digest = "sha256:79b93250fa0ae2218fe70a1fd2dd5ebee6e51371108e86743f2ff17087388fd8"
reference = "bcm2712/ota_registry:0.0.1"
content = "sha256:a21c3eab78e64b5a97cfb2d13fc2a04c421990a4a1aef64c22dbc1869c0efcc2"

[[artifact]]
kind = "module"
name = "otel"
project = "fluxor"
target = "bcm2712"
digest = "sha256:0bf695d5aec6c3294fd1c70de830782e6765728e51c08a37f00bb2ca920dd888"
reference = "bcm2712/otel:0.0.1"
content = "sha256:81050b516140eb289716697134d6834b6555a5cb56d55efa20626032ddf986c6"

[[artifact]]
kind = "module"
name = "otel-min"
project = "fluxor"
target = "bcm2712"
digest = "sha256:e1ecab956148b25c26beb28d55b2b55e09315937247a289ac136a0187f1895e9"
reference = "bcm2712/otel-min:0.0.1"
content = "sha256:d1bdea26fcb118197860205e51b54dbf7e3e8c903f5f8ec40b071a829f994b93"

[[artifact]]
kind = "module"
name = "packet_echo_director"
project = "fluxor"
target = "bcm2712"
digest = "sha256:b1e9a22c0f15cd578b7d5603746b3e2ef121926248af8ed05964fe026363cb51"
reference = "bcm2712/packet_echo_director:0.0.1"
content = "sha256:8816116c5e07635abcd94761050641588d6c92183abec88a715e2fe14ebceb74"

[[artifact]]
kind = "module"
name = "panel_surface_traits"
project = "fluxor"
target = "bcm2712"
digest = "sha256:f828bdda85742195918a49bbcd3e4c263c2517facb2a124641a816af32f103e0"
reference = "bcm2712/panel_surface_traits:0.0.1"
content = "sha256:b0f71f41c8526aba81d82ed9eca84d701bb4607401ba8b901c4020c7e42beb26"

[[artifact]]
kind = "module"
name = "pause_driver"
project = "fluxor"
target = "bcm2712"
digest = "sha256:05ede099c2ee82572f819eb91c6da321b2042ff7314bdb4f1bb78d9c045b876d"
reference = "bcm2712/pause_driver:0.0.1"
content = "sha256:8539015d88e8251af718e0b72eb9b4da0a84d2ffcd6a31e508feeca54dd279a6"

[[artifact]]
kind = "module"
name = "pause_probe"
project = "fluxor"
target = "bcm2712"
digest = "sha256:d575611c91d8b577c6c982bac85acfe348ca4ad3963ec876f04221a54ea682bd"
reference = "bcm2712/pause_probe:0.0.1"
content = "sha256:8baf2d7c562333fa9da5fa6ed8d473afbb9aafee32864e042774e9b2ce161bcc"

[[artifact]]
kind = "module"
name = "pcie_scan"
project = "fluxor"
target = "bcm2712"
digest = "sha256:85c6dd29a9a9144f2b54fb74dc33e78b1e04ef9d6890ffdb77f3df2e123e945b"
reference = "bcm2712/pcie_scan:0.0.1"
content = "sha256:8780b22a29098e4a37bf36ee7f928ac2063c0f6dafa0df89cec3474e59755af0"

[[artifact]]
kind = "module"
name = "pkt_filter"
project = "fluxor"
target = "bcm2712"
digest = "sha256:acdfe16adc6db42d8229c6a7d880942728f4efb921d94a364ab664efc5ffe81a"
reference = "bcm2712/pkt_filter:0.0.1"
content = "sha256:eb9b67e980d3e26050d6655aa903ebbe6b924f04f6aea290eba73dfcf6a2703e"

[[artifact]]
kind = "module"
name = "presentation_resolver"
project = "fluxor"
target = "bcm2712"
digest = "sha256:cbad4e41ced740f5b194191ccadeb4665b674110cba9792bdd8aedc5c35d8826"
reference = "bcm2712/presentation_resolver:0.0.1"
content = "sha256:00ed42a6b55133b7efcb254c9a6c5c78c65754d653234813c25983d9afba5b3f"

[[artifact]]
kind = "module"
name = "quic"
project = "fluxor"
target = "bcm2712"
digest = "sha256:dc61a339e5c1b97238af3ea20f18835cf0a6d24d73c3d708955ec8531305b5a8"
reference = "bcm2712/quic:0.0.1"
content = "sha256:19f1e43e294d4aa9e258addf421efd9cf859b31ca5df779d9a02c89c1bc6a07a"

[[artifact]]
kind = "module"
name = "reconfigure"
project = "fluxor"
target = "bcm2712"
digest = "sha256:db04daa87fe69e2ec2f4103a3296345b13be557059788496a43666a4ff70dd36"
reference = "bcm2712/reconfigure:0.0.1"
content = "sha256:c806a24c1bab7280c49aeb7625b85b0701722673adcad4ba59c27169fe5e0493"

[[artifact]]
kind = "module"
name = "remote_channel"
project = "fluxor"
target = "bcm2712"
digest = "sha256:7338f0008c58dafcb6643fbed50d3151ad51fdf2e248c7701bc4c6dcbf79eb5a"
reference = "bcm2712/remote_channel:0.0.1"
content = "sha256:0607e7245c0e060724ba161235947f620add5636ca0ccb72fc786a06cc5d40f6"

[[artifact]]
kind = "module"
name = "rp1_gem"
project = "fluxor"
target = "bcm2712"
digest = "sha256:b7c23e5becaa9a8aee2005b266ca96edab115511b03ddd9066596d35d2cbd8aa"
reference = "bcm2712/rp1_gem:0.0.1"
content = "sha256:2254bc7f266b28ae09c8602c3739cdf26a5ec545c14bc44f7e12cc5e8fbe36db"

[[artifact]]
kind = "module"
name = "rsa_bench"
project = "fluxor"
target = "bcm2712"
digest = "sha256:d9c81a06179cb6a11adf4e031a22d17562b39e14c70363f49ba7afa7c38c642c"
reference = "bcm2712/rsa_bench:0.0.1"
content = "sha256:f2f7b64d0cfe08898bbf595d10dd6de718a59f27161b4a3e32651b57c9117e12"

[[artifact]]
kind = "module"
name = "sequencer"
project = "fluxor"
target = "bcm2712"
digest = "sha256:d8ec47f491f5c337de4aebca8654ab6e98940dbac4f4926014256f9df6e2025b"
reference = "bcm2712/sequencer:0.0.1"
content = "sha256:736afd837d03b4f369cf8653a3fbc48d07603dce1f0872a114d443687d5d46ef"

[[artifact]]
kind = "module"
name = "smmu"
project = "fluxor"
target = "bcm2712"
digest = "sha256:275979186287e572412b0b42d783b5760d17a24cadef00552741ba23e1a9fada"
reference = "bcm2712/smmu:0.0.1"
content = "sha256:062d903d492c012a31f2d759e1571a71a5e8de8303776f99d77fb003959eb0c8"

[[artifact]]
kind = "module"
name = "stack_fence_probe"
project = "fluxor"
target = "bcm2712"
digest = "sha256:7d6cc799c592aa69c9d18464504b46fc1758466abc1174b47a1ca95e0a4bbe23"
reference = "bcm2712/stack_fence_probe:0.0.1"
content = "sha256:8efdd0b3a8cfd056f0cfe4d1857b93b2f796a26ca42c6b65ad348dd52431ef95"

[[artifact]]
kind = "module"
name = "store_probe"
project = "fluxor"
target = "bcm2712"
digest = "sha256:10f23ebb1cefd35576b4d69b5669af09984ee9c9d4d1a0a5c2f1d6b8a2096b4b"
reference = "bcm2712/store_probe:0.0.1"
content = "sha256:0bc5d58c3ac32fa249aa887c59879d117726bb0b5a9dc5e8aac7885c223167be"

[[artifact]]
kind = "module"
name = "store_seed"
project = "fluxor"
target = "bcm2712"
digest = "sha256:0e348a8dfd84e94a943f49349cdc5e7a49e9779d705da007131afb6e7868e064"
reference = "bcm2712/store_seed:0.0.1"
content = "sha256:74d6d830488e6a84075b5a4d1ba6ae47f6ae22ab546ac08ab751f23e9a55bc35"

[[artifact]]
kind = "module"
name = "synth_source"
project = "fluxor"
target = "bcm2712"
digest = "sha256:0901624a907d1495edf5628f15c10ad8e1ccaf08a2de8ce54f58f7a4528b15ff"
reference = "bcm2712/synth_source:0.0.1"
content = "sha256:69c05e1d102e32ba27ec5ac8ce852b9b485b1146b6b23485ec5e785594bf9589"

[[artifact]]
kind = "module"
name = "test_fault"
project = "fluxor"
target = "bcm2712"
digest = "sha256:9ba4c403f3a61216cdfb315a3a7f8a4a5222382859b337198f42519045425cef"
reference = "bcm2712/test_fault:0.0.1"
content = "sha256:6740ed995d4295b3cd287fccb2ccdbac1d95bd0c0d28f2be36f9923fc616776d"

[[artifact]]
kind = "module"
name = "tier2_probe"
project = "fluxor"
target = "bcm2712"
digest = "sha256:deb2dd0daeec68b934184d57a4494a8f4a679237dadf28a9cd8da54f2213e1b7"
reference = "bcm2712/tier2_probe:0.0.1"
content = "sha256:3a6df4d69cfef4af17944e1c9f9c959371a8cd50298116c8bc45612b8228345a"

[[artifact]]
kind = "module"
name = "tls"
project = "fluxor"
target = "bcm2712"
digest = "sha256:d0b94f5f4ad87b3b6e225b7fc4935ace4b5f1fffa62c3a36fc3ed47effb4ce69"
reference = "bcm2712/tls:0.0.1"
content = "sha256:c25c1dbf04d9a3ed1d1e72086ee84359ed03a9da6179ea00fd008492e6c72134"

[[artifact]]
kind = "module"
name = "tls_probe"
project = "fluxor"
target = "bcm2712"
digest = "sha256:ab87f0c7370d2c1e9874efda8423d0b25b28e1fcc84aa058017acefad9714480"
reference = "bcm2712/tls_probe:0.0.1"
content = "sha256:2b75c73011d104dd5067bc8b232ba17e0c07c21a43a5161a92ff200bff1c46e1"

[[artifact]]
kind = "module"
name = "transport_buffer"
project = "fluxor"
target = "bcm2712"
digest = "sha256:e29c040da2b0a642bc9b376e9e61c8cdb408f57a4bc781b5431918b82badad65"
reference = "bcm2712/transport_buffer:0.0.1"
content = "sha256:4c4ed7c01dae1d702c1f7e3bc633c4feb7fa1971a98ef0ee41588fdfa91c75fc"

[[artifact]]
kind = "module"
name = "usb_midi_host"
project = "fluxor"
target = "bcm2712"
digest = "sha256:e2cdf61433708a9ffc4e0baa5ec6318ab41e436d24988ba6f5e28543328b4359"
reference = "bcm2712/usb_midi_host:0.0.1"
content = "sha256:9d07660dd877786433505916eb9299655b165d52ae56f36cb9ce6ade8521a21e"

[[artifact]]
kind = "module"
name = "virtio_net"
project = "fluxor"
target = "bcm2712"
digest = "sha256:5172bcfbe3b241b90606ec47923067edd28998c632e08d07bc7700e09790f82b"
reference = "bcm2712/virtio_net:0.0.1"
content = "sha256:b2c8782ed80801987408d29afbdef82a29e38288bd1db1e45c3848ba06c0b319"

[[artifact]]
kind = "module"
name = "wake_snk"
project = "fluxor"
target = "bcm2712"
digest = "sha256:adbc337471357ba1d7030d109a5c8f0e7fb311d998d7e4b1921b4789b75772b4"
reference = "bcm2712/wake_snk:0.0.1"
content = "sha256:4793325caea786ab51e98c16a81341feb4cea8219d45a820234a192369cac53c"

[[artifact]]
kind = "module"
name = "wake_src"
project = "fluxor"
target = "bcm2712"
digest = "sha256:79902582f60ccaf47f1d1f9c33220c55bfa882c77f05d25c64f36a42f1788862"
reference = "bcm2712/wake_src:0.0.1"
content = "sha256:394e2b867282f188eaedf164dedc596663a1e320b3ab59d9736287d15d0ae187"

[[artifact]]
kind = "module"
name = "http"
project = "wave"
target = "bcm2712"
digest = "sha256:21ae0fc850b856d9b4b19fe7d8358ab78a6be081dffb8eb57112b3c06309d632"
reference = "bcm2712/http:0.0.1"
content = "sha256:a04a82edf504440688d228a2a682e207738f00ef3358328417f7393b528276c7"

[[artifact]]
kind = "module"
name = "http-app"
project = "wave"
target = "bcm2712"
digest = "sha256:5d3700caf247ddd44616ff18d4d23b2a3740998aa8ec25b6b99d9a0112289d23"
reference = "bcm2712/http-app:0.0.1"
content = "sha256:b709b86450244cd82b7e9c8c12655d82cde52593be7fef7624bcc84f8327408c"

[[artifact]]
kind = "module"
name = "http-exchange"
project = "wave"
target = "bcm2712"
digest = "sha256:bce04553d6db52d754405317bbdca3a4bc996e9bdff6afdf13f60fac48e04925"
reference = "bcm2712/http-exchange:0.0.1"
content = "sha256:ca1b161c1cbbae3deee0f4a41bad75a0e523170984a4a3e0c037611f425a55fb"

[[artifact]]
kind = "module"
name = "http-h1_exchange"
project = "wave"
target = "bcm2712"
digest = "sha256:3b507acd9c69655db772772bef004e671ca8cc261dfc10c2544780d08bd1d226"
reference = "bcm2712/http-h1_exchange:0.0.1"
content = "sha256:a5743bc44fb8a486e6dd872b703b8b807c9071e8d887d597491337401099c758"

[[artifact]]
kind = "module"
name = "http-h2"
project = "wave"
target = "bcm2712"
digest = "sha256:7b447297b609dfe04abe6e5a21d54da68c76e3ca3c2b041f4ccef2f0b90950b3"
reference = "bcm2712/http-h2:0.0.1"
content = "sha256:b863392c8ec37d4fd3a1d60e28f0e9358a1bae1ab24b8aa0f10d4a50a51e3a43"

[[artifact]]
kind = "module"
name = "http-web"
project = "wave"
target = "bcm2712"
digest = "sha256:cb618893c029a9c3220d9e9ae0d41bc223e93a3870646c8b32337405c51bca69"
reference = "bcm2712/http-web:0.0.1"
content = "sha256:b607a7ceb8e89c7219585a6432e778cd8c1344d8d86395cad26345c1d7b197aa"

[[artifact]]
kind = "module"
name = "http_echo_app"
project = "wave"
target = "bcm2712"
digest = "sha256:689bbf335a8f6588afe1244bdb1b82a994668ab21f0df0b2caef6844289f80cf"
reference = "bcm2712/http_echo_app:0.0.1"
content = "sha256:19cbb166b97de6ae47fdfd5dfb86d3ee3fda17fc4fd1bb3f27b10607867bbad7"

[[artifact]]
kind = "module"
name = "jitter"
project = "wave"
target = "bcm2712"
digest = "sha256:64630ca8096a5e3bf17c6671791463c87ead1e759ef58e2aed254ed5873dccdc"
reference = "bcm2712/jitter:0.0.1"
content = "sha256:c8f33eb082f80e5ce600468be4a8444ed59e8a9a387714938d3927a6e8cc4382"

[[artifact]]
kind = "module"
name = "mail"
project = "wave"
target = "bcm2712"
digest = "sha256:0fc93f8af9ff93d4debe511b51bcbeb8f79e447c4b16b9cfd819b6c94c1a64d6"
reference = "bcm2712/mail:0.0.1"
content = "sha256:c06a668a6fa9d947a7619390c651fdda7f3ac58cf1c4e3f990cd8d73cdf5da39"

[[artifact]]
kind = "module"
name = "rtcp"
project = "wave"
target = "bcm2712"
digest = "sha256:043637d6ad78d37b10cdd2e3b8489ebc2f03f1d6d251fda751e4c66f6e0bb371"
reference = "bcm2712/rtcp:0.0.1"
content = "sha256:8bcf0638542863391d9f6f613ce8cf732326a06dcba6c236122b3992e77118cc"

[[artifact]]
kind = "module"
name = "rtp"
project = "wave"
target = "bcm2712"
digest = "sha256:8e5edd8ffd2f26c5851a139bac82d30dd04053ba3a1301edbf63126daf851a8d"
reference = "bcm2712/rtp:0.0.1"
content = "sha256:21ad9c7925f00e5c5d3a4b9275c470c95d0457af83f231bc505204a17a8df0d6"

[[artifact]]
kind = "module"
name = "s3"
project = "wave"
target = "bcm2712"
digest = "sha256:78778eb4e06c4004194582ba6ce9fb12947216a98564e62f385ebb83a7f4f301"
reference = "bcm2712/s3:0.0.1"
content = "sha256:8433e8fc0722250ad91bec5f58a672640d55805fe3dfb21c6035668522c12ef3"

[[artifact]]
kind = "module"
name = "s3_relay_app"
project = "wave"
target = "bcm2712"
digest = "sha256:71b2c77431008dd403216888dbb6c968726fe388468aec5342eb9d03eac2e40c"
reference = "bcm2712/s3_relay_app:0.0.1"
content = "sha256:e07c5c4174c7723732de41acef033dd2134aa04a679b51b13028e20cb0b2598f"

[[artifact]]
kind = "module"
name = "s3_serve"
project = "wave"
target = "bcm2712"
digest = "sha256:6c454e42c041432bcc4d4a1b55bce7d6708ab61633a2a57bfe672b0f857f33d8"
reference = "bcm2712/s3_serve:0.0.1"
content = "sha256:43a4559c153c86b752c9645aa96e4383976db807cea7c13f5d685d31d20494ce"

[[artifact]]
kind = "module"
name = "sip"
project = "wave"
target = "bcm2712"
digest = "sha256:00148e00016a9af3a6d737f0e9be1198b523a788986cded850b8ce9cc5950a29"
reference = "bcm2712/sip:0.0.1"
content = "sha256:9de4de272ae9862b92d487718e217d883a73008c2f6d913c5404900c96fa23d0"

[[artifact]]
kind = "module"
name = "smtp"
project = "wave"
target = "bcm2712"
digest = "sha256:f058231d1965c758b1b7f5f1053035f623f703dfd93d8750fbca9223bf6a30e3"
reference = "bcm2712/smtp:0.0.1"
content = "sha256:e5a76a95dfd6ef2b20894831eabcd329f93d84201cd911272bf6a0b0c7717dc8"

[[artifact]]
kind = "module"
name = "stun"
project = "wave"
target = "bcm2712"
digest = "sha256:6f38c38faf3fc3d44e5e0670aaf9521597a03f92f97b73d491d4a950dae3b025"
reference = "bcm2712/stun:0.0.1"
content = "sha256:bed129ebddd125c68c45acbe312365c29a3d3404d7f9638556326284aeae4964"

[[artifact]]
kind = "module"
name = "websocket"
project = "wave"
target = "bcm2712"
digest = "sha256:3bffb8105b5e62cc6d74b17ea6bde7a65701bd3770e83da923fd338f9fa16f3f"
reference = "bcm2712/websocket:0.0.1"
content = "sha256:6ff4dabc0fa513d157799d2775feb686874f45c8579a88adb9f0a62309943bc9"

[[artifact]]
kind = "module"
name = "ws_echo_worker"
project = "wave"
target = "bcm2712"
digest = "sha256:6edc32f0456581a6206f0ca5691f8a899dc266f0576a626b7f3d17fdfb4aa643"
reference = "bcm2712/ws_echo_worker:0.0.1"
content = "sha256:d977e4332ebe73d31eefc2c307f53f7390ccd06e84aa15b509f90596f15512b5"

[[artifact]]
kind = "module"
name = "ws_net"
project = "wave"
target = "bcm2712"
digest = "sha256:62bad9cfdac1368bddf5bb9bb9a3051a8613102bf2120b4974b013cb17bcdc62"
reference = "bcm2712/ws_net:0.0.1"
content = "sha256:cdee59411f68452c15c0df8ec8b69ce50da40d3ba1d41fc8ffd96430cd4fd5d5"

[[artifact]]
kind = "module"
name = "ws_stream"
project = "wave"
target = "bcm2712"
digest = "sha256:9a51952b8cb518705cb7cbb82755bb46f39ae5dded8d67ce893424f0821e9126"
reference = "bcm2712/ws_stream:0.0.1"
content = "sha256:303e1b12de0e2f5e19f74bd63167141e9ddb1a91f5b035b646ee9ea8800fe67e"

[[artifact]]
kind = "runtime"
name = "fluxor"
project = "fluxor"
target = "aarch64-unknown-linux-gnu"
digest = "sha256:6c8885944b26a33487392c5ed661661f93100664dc22391a48cc6bd30b015ed6"
reference = "fluxor/run/fluxor-aarch64-unknown-linux-gnu:0.0.1"
content = "sha256:9f25c57fa7810b8aa96aeec68eeb2f5d8b8e4ce7682e5d8f1aa161f21d2ac1cf"

[[artifact]]
kind = "runtime"
name = "fluxor-linux"
project = "fluxor"
target = "aarch64-unknown-linux-gnu"
digest = "sha256:6c9a56abda0bc670d01a599b75fbf22b6d550ba368f7f78707f4fa8511590dd0"
reference = "fluxor/run/fluxor-linux-aarch64-unknown-linux-gnu:0.0.1"
content = "sha256:a2db500cca330f6932d067f4171c566ac86cc239f9eb071028e1f988f2ca925f"

[[artifact]]
kind = "source"
name = "clustor-common"
project = "clustor"
digest = "sha256:b2b7a3dd6a23fc8ea7bed960a4168e41665fa28996c01868036ff0530ed91702"
reference = "clustor/src/clustor-common:0.0.1"
content = "sha256:0a87b07a114e9bf592c527b741a2ba9968c9808d0bdf95ec767c8e8f0038798b"

[[artifact]]
kind = "source"
name = "fluxor-abi"
project = "fluxor"
digest = "sha256:5f62e8cfc83719a3f1a5031942aea02931e3ae69d08b9ef95fcf1eaaf658e74d"
reference = "fluxor/src/fluxor-abi:0.0.1"
content = "sha256:5827eb9a697a316ab6f3b2e11672541c82f6c3f2a616deb6b28a1df8cacfa5ed"

[[artifact]]
kind = "source"
name = "fluxor-contracts"
project = "fluxor"
digest = "sha256:1f6391b1b8f4f271d942bd45315236471ce8a479fdca3bb632647701b20d7425"
reference = "fluxor/src/fluxor-contracts:0.0.1"
content = "sha256:d5f144f490cfb4e521f893120f23d3fbdbeadf1fe7b13c22fcf73e9f46c0b9a4"

[[artifact]]
kind = "source"
name = "wave-common"
project = "wave"
digest = "sha256:96f3517dc4575d485d3cdb3ebad90bb0b370a6b7ef1c84ec199823ba9f02f419"
reference = "wave/src/wave-common:0.0.1"
content = "sha256:bd0ab345b98b1a038399442c5803191520e5bcb2741f5a61222ddb2e6009b1c3"

[catalog]
digest = "sha256:9108c8ec68dbba957d04644c7de6a45736e19d75717dd357569d529fa9ae798a"
